// !$*UTF8*$!
{
	archiveVersion = 1;
	classes = {
	};
	objectVersion = 77;
	objects = {

/* Begin PBXBuildFile section */
		008E66055DF48DC74E23BD68 /* LatexCompiler.swift in Sources */ = {isa = PBXBuildFile; fileRef = 16139BEFD2CF8DA2564503B6 /* LatexCompiler.swift */; };
		1E4646115090F300723487EE /* AppState.swift in Sources */ = {isa = PBXBuildFile; fileRef = 5C2D6DB88611360C3540164B /* AppState.swift */; };
		24B572E016ACED0A3DBC2BEF /* Sidecar.swift in Sources */ = {isa = PBXBuildFile; fileRef = 2147D9DB145C4F570BEF9FBD /* Sidecar.swift */; };
		298046D78F0F55DBDF257C62 /* FileWatcher.swift in Sources */ = {isa = PBXBuildFile; fileRef = 4CC74E2E8CD85EE4E742CE1C /* FileWatcher.swift */; };
		419D485AB64C8E42AA954D93 /* ChatPanel.swift in Sources */ = {isa = PBXBuildFile; fileRef = 0D8CF0F8DE790E4D55F62576 /* ChatPanel.swift */; };
		6311ADD3ACD10D4075087147 /* ChatViewModel.swift in Sources */ = {isa = PBXBuildFile; fileRef = 7DFA239D6A16F453977BA03A /* ChatViewModel.swift */; };
		6E462052959ED9C4F3E10D1A /* ResumemaxxApp.swift in Sources */ = {isa = PBXBuildFile; fileRef = 66416CC1C3F5B5B63452CE77 /* ResumemaxxApp.swift */; };
		73F7EB6C175A40609FFB5396 /* ChatMessage.swift in Sources */ = {isa = PBXBuildFile; fileRef = FA59674EB47D5B148B2FBF0B /* ChatMessage.swift */; };
		75B787AEB0A8576F9FFE9921 /* Resume.swift in Sources */ = {isa = PBXBuildFile; fileRef = 732808655C93814EBC11A015 /* Resume.swift */; };
		776BE0F95CBE906861645C4B /* ContentView.swift in Sources */ = {isa = PBXBuildFile; fileRef = D3C9F2345B82B1EC8ECAFCA4 /* ContentView.swift */; };
		86FB9D58EB415C87FFBEE012 /* Sidebar.swift in Sources */ = {isa = PBXBuildFile; fileRef = B2EC4ACB73130C12288DC102 /* Sidebar.swift */; };
		8DFCC75E8A40EDEE074FEBCD /* PreviewColumn.swift in Sources */ = {isa = PBXBuildFile; fileRef = 72B69B6E44854FFE6BB67814 /* PreviewColumn.swift */; };
		A00576ACFB6696800C56CC1B /* Tools.swift in Sources */ = {isa = PBXBuildFile; fileRef = 08F11024D839BD6C46F3D1C8 /* Tools.swift */; };
		BDF7A7B9F0DCDA1C25B9FD53 /* PDFPreview.swift in Sources */ = {isa = PBXBuildFile; fileRef = 0CBE5EFB0BFB1EBE1C2CD8C9 /* PDFPreview.swift */; };
		F8E2DE71EA2240A04DC0FBBC /* Theme.swift in Sources */ = {isa = PBXBuildFile; fileRef = 131E5A9F2950522ED2AC3251 /* Theme.swift */; };
/* End PBXBuildFile section */

/* Begin PBXFileReference section */
		08F11024D839BD6C46F3D1C8 /* Tools.swift */ = {isa = PBXFileReference; lastKnownFileType = sourcecode.swift; path = Tools.swift; sourceTree = "<group>"; };
		0CBE5EFB0BFB1EBE1C2CD8C9 /* PDFPreview.swift */ = {isa = PBXFileReference; lastKnownFileType = sourcecode.swift; path = PDFPreview.swift; sourceTree = "<group>"; };
		0D8CF0F8DE790E4D55F62576 /* ChatPanel.swift */ = {isa = PBXFileReference; lastKnownFileType = sourcecode.swift; path = ChatPanel.swift; sourceTree = "<group>"; };
		131E5A9F2950522ED2AC3251 /* Theme.swift */ = {isa = PBXFileReference; lastKnownFileType = sourcecode.swift; path = Theme.swift; sourceTree = "<group>"; };
		16139BEFD2CF8DA2564503B6 /* LatexCompiler.swift */ = {isa = PBXFileReference; lastKnownFileType = sourcecode.swift; path = LatexCompiler.swift; sourceTree = "<group>"; };
		2147D9DB145C4F570BEF9FBD /* Sidecar.swift */ = {isa = PBXFileReference; lastKnownFileType = sourcecode.swift; path = Sidecar.swift; sourceTree = "<group>"; };
		4110D647E98A907F7D4D88B2 /* resumemaxx.app */ = {isa = PBXFileReference; explicitFileType = wrapper.application; includeInIndex = 0; path = resumemaxx.app; sourceTree = BUILT_PRODUCTS_DIR; };
		4CC74E2E8CD85EE4E742CE1C /* FileWatcher.swift */ = {isa = PBXFileReference; lastKnownFileType = sourcecode.swift; path = FileWatcher.swift; sourceTree = "<group>"; };
		5C2D6DB88611360C3540164B /* AppState.swift */ = {isa = PBXFileReference; lastKnownFileType = sourcecode.swift; path = AppState.swift; sourceTree = "<group>"; };
		66416CC1C3F5B5B63452CE77 /* ResumemaxxApp.swift */ = {isa = PBXFileReference; lastKnownFileType = sourcecode.swift; path = ResumemaxxApp.swift; sourceTree = "<group>"; };
		72B69B6E44854FFE6BB67814 /* PreviewColumn.swift */ = {isa = PBXFileReference; lastKnownFileType = sourcecode.swift; path = PreviewColumn.swift; sourceTree = "<group>"; };
		732808655C93814EBC11A015 /* Resume.swift */ = {isa = PBXFileReference; lastKnownFileType = sourcecode.swift; path = Resume.swift; sourceTree = "<group>"; };
		7DFA239D6A16F453977BA03A /* ChatViewModel.swift */ = {isa = PBXFileReference; lastKnownFileType = sourcecode.swift; path = ChatViewModel.swift; sourceTree = "<group>"; };
		B2EC4ACB73130C12288DC102 /* Sidebar.swift */ = {isa = PBXFileReference; lastKnownFileType = sourcecode.swift; path = Sidebar.swift; sourceTree = "<group>"; };
		C2B3C11229701F38287BA32F /* Info.plist */ = {isa = PBXFileReference; lastKnownFileType = text.plist; path = Info.plist; sourceTree = "<group>"; };
		D3C9F2345B82B1EC8ECAFCA4 /* ContentView.swift */ = {isa = PBXFileReference; lastKnownFileType = sourcecode.swift; path = ContentView.swift; sourceTree = "<group>"; };
		FA59674EB47D5B148B2FBF0B /* ChatMessage.swift */ = {isa = PBXFileReference; lastKnownFileType = sourcecode.swift; path = ChatMessage.swift; sourceTree = "<group>"; };
/* End PBXFileReference section */

/* Begin PBXGroup section */
		10FFD9A02A08740F1066CA3B /* Models */ = {
			isa = PBXGroup;
			children = (
				FA59674EB47D5B148B2FBF0B /* ChatMessage.swift */,
				732808655C93814EBC11A015 /* Resume.swift */,
			);
			path = Models;
			sourceTree = "<group>";
		};
		181AAA2D65CF6B25CDF95EFF = {
			isa = PBXGroup;
			children = (
				7E4FEF79C1794AA18596950F /* app */,
				3D8C474CF2B7671DEC48B22E /* Products */,
			);
			sourceTree = "<group>";
		};
		3D8C474CF2B7671DEC48B22E /* Products */ = {
			isa = PBXGroup;
			children = (
				4110D647E98A907F7D4D88B2 /* resumemaxx.app */,
			);
			name = Products;
			sourceTree = "<group>";
		};
		7616F918D76BAF69D11CB9A8 /* Views */ = {
			isa = PBXGroup;
			children = (
				0D8CF0F8DE790E4D55F62576 /* ChatPanel.swift */,
				0CBE5EFB0BFB1EBE1C2CD8C9 /* PDFPreview.swift */,
				72B69B6E44854FFE6BB67814 /* PreviewColumn.swift */,
				B2EC4ACB73130C12288DC102 /* Sidebar.swift */,
			);
			path = Views;
			sourceTree = "<group>";
		};
		7E4FEF79C1794AA18596950F /* app */ = {
			isa = PBXGroup;
			children = (
				5C2D6DB88611360C3540164B /* AppState.swift */,
				7DFA239D6A16F453977BA03A /* ChatViewModel.swift */,
				D3C9F2345B82B1EC8ECAFCA4 /* ContentView.swift */,
				C2B3C11229701F38287BA32F /* Info.plist */,
				66416CC1C3F5B5B63452CE77 /* ResumemaxxApp.swift */,
				131E5A9F2950522ED2AC3251 /* Theme.swift */,
				10FFD9A02A08740F1066CA3B /* Models */,
				B3B87602B2994714EF1F8E64 /* Services */,
				7616F918D76BAF69D11CB9A8 /* Views */,
			);
			path = app;
			sourceTree = "<group>";
		};
		B3B87602B2994714EF1F8E64 /* Services */ = {
			isa = PBXGroup;
			children = (
				4CC74E2E8CD85EE4E742CE1C /* FileWatcher.swift */,
				16139BEFD2CF8DA2564503B6 /* LatexCompiler.swift */,
				2147D9DB145C4F570BEF9FBD /* Sidecar.swift */,
				08F11024D839BD6C46F3D1C8 /* Tools.swift */,
			);
			path = Services;
			sourceTree = "<group>";
		};
/* End PBXGroup section */

/* Begin PBXNativeTarget section */
		D1A29DBDF3E32F1E09C2E47C /* resumemaxx */ = {
			isa = PBXNativeTarget;
			buildConfigurationList = 392BB6CCC37805DDAF2A466E /* Build configuration list for PBXNativeTarget "resumemaxx" */;
			buildPhases = (
				218E3C120F9D7A267773FC6D /* Sources */,
			);
			buildRules = (
			);
			dependencies = (
			);
			name = resumemaxx;
			packageProductDependencies = (
			);
			productName = resumemaxx;
			productReference = 4110D647E98A907F7D4D88B2 /* resumemaxx.app */;
			productType = "com.apple.product-type.application";
		};
/* End PBXNativeTarget section */

/* Begin PBXProject section */
		0705497C257270D6E289FB6F /* Project object */ = {
			isa = PBXProject;
			attributes = {
				BuildIndependentTargetsInParallel = YES;
				LastUpgradeCheck = 1430;
				TargetAttributes = {
				};
			};
			buildConfigurationList = 8B91E99F274584E3BAFEF9FA /* Build configuration list for PBXProject "resumemaxx" */;
			developmentRegion = en;
			hasScannedForEncodings = 0;
			knownRegions = (
				Base,
				en,
			);
			mainGroup = 181AAA2D65CF6B25CDF95EFF;
			minimizedProjectReferenceProxies = 1;
			preferredProjectObjectVersion = 77;
			productRefGroup = 3D8C474CF2B7671DEC48B22E /* Products */;
			projectDirPath = "";
			projectRoot = "";
			targets = (
				D1A29DBDF3E32F1E09C2E47C /* resumemaxx */,
			);
		};
/* End PBXProject section */

/* Begin PBXSourcesBuildPhase section */
		218E3C120F9D7A267773FC6D /* Sources */ = {
			isa = PBXSourcesBuildPhase;
			buildActionMask = 2147483647;
			files = (
				1E4646115090F300723487EE /* AppState.swift in Sources */,
				73F7EB6C175A40609FFB5396 /* ChatMessage.swift in Sources */,
				419D485AB64C8E42AA954D93 /* ChatPanel.swift in Sources */,
				6311ADD3ACD10D4075087147 /* ChatViewModel.swift in Sources */,
				776BE0F95CBE906861645C4B /* ContentView.swift in Sources */,
				298046D78F0F55DBDF257C62 /* FileWatcher.swift in Sources */,
				008E66055DF48DC74E23BD68 /* LatexCompiler.swift in Sources */,
				BDF7A7B9F0DCDA1C25B9FD53 /* PDFPreview.swift in Sources */,
				8DFCC75E8A40EDEE074FEBCD /* PreviewColumn.swift in Sources */,
				75B787AEB0A8576F9FFE9921 /* Resume.swift in Sources */,
				6E462052959ED9C4F3E10D1A /* ResumemaxxApp.swift in Sources */,
				86FB9D58EB415C87FFBEE012 /* Sidebar.swift in Sources */,
				24B572E016ACED0A3DBC2BEF /* Sidecar.swift in Sources */,
				F8E2DE71EA2240A04DC0FBBC /* Theme.swift in Sources */,
				A00576ACFB6696800C56CC1B /* Tools.swift in Sources */,
			);
			runOnlyForDeploymentPostprocessing = 0;
		};
/* End PBXSourcesBuildPhase section */

/* Begin XCBuildConfiguration section */
		36AF48BD1546110BDEA363C2 /* Release */ = {
			isa = XCBuildConfiguration;
			buildSettings = {
				ASSETCATALOG_COMPILER_APPICON_NAME = AppIcon;
				COMBINE_HIDPI_IMAGES = YES;
				INFOPLIST_FILE = app/Info.plist;
				LD_RUNPATH_SEARCH_PATHS = (
					"$(inherited)",
					"@executable_path/../Frameworks",
				);
				PRODUCT_BUNDLE_IDENTIFIER = com.resumemaxx.app;
				PRODUCT_NAME = resumemaxx;
				SDKROOT = macosx;
			};
			name = Release;
		};
		406148E24F4E9A5170B84B86 /* Release */ = {
			isa = XCBuildConfiguration;
			buildSettings = {
				ALWAYS_SEARCH_USER_PATHS = NO;
				CLANG_ANALYZER_NONNULL = YES;
				CLANG_ANALYZER_NUMBER_OBJECT_CONVERSION = YES_AGGRESSIVE;
				CLANG_CXX_LANGUAGE_STANDARD = "gnu++14";
				CLANG_CXX_LIBRARY = "libc++";
				CLANG_ENABLE_MODULES = YES;
				CLANG_ENABLE_OBJC_ARC = YES;
				CLANG_ENABLE_OBJC_WEAK = YES;
				CLANG_WARN_BLOCK_CAPTURE_AUTORELEASING = YES;
				CLANG_WARN_BOOL_CONVERSION = YES;
				CLANG_WARN_COMMA = YES;
				CLANG_WARN_CONSTANT_CONVERSION = YES;
				CLANG_WARN_DEPRECATED_OBJC_IMPLEMENTATIONS = YES;
				CLANG_WARN_DIRECT_OBJC_ISA_USAGE = YES_ERROR;
				CLANG_WARN_DOCUMENTATION_COMMENTS = YES;
				CLANG_WARN_EMPTY_BODY = YES;
				CLANG_WARN_ENUM_CONVERSION = YES;
				CLANG_WARN_INFINITE_RECURSION = YES;
				CLANG_WARN_INT_CONVERSION = YES;
				CLANG_WARN_NON_LITERAL_NULL_CONVERSION = YES;
				CLANG_WARN_OBJC_IMPLICIT_RETAIN_SELF = YES;
				CLANG_WARN_OBJC_LITERAL_CONVERSION = YES;
				CLANG_WARN_OBJC_ROOT_CLASS = YES_ERROR;
				CLANG_WARN_QUOTED_INCLUDE_IN_FRAMEWORK_HEADER = YES;
				CLANG_WARN_RANGE_LOOP_ANALYSIS = YES;
				CLANG_WARN_STRICT_PROTOTYPES = YES;
				CLANG_WARN_SUSPICIOUS_MOVE = YES;
				CLANG_WARN_UNGUARDED_AVAILABILITY = YES_AGGRESSIVE;
				CLANG_WARN_UNREACHABLE_CODE = YES;
				CLANG_WARN__DUPLICATE_METHOD_MATCH = YES;
				CODE_SIGNING_ALLOWED = NO;
				CODE_SIGN_IDENTITY = "";
				COPY_PHASE_STRIP = NO;
				CURRENT_PROJECT_VERSION = 1;
				DEBUG_INFORMATION_FORMAT = "dwarf-with-dsym";
				ENABLE_HARDENED_RUNTIME = NO;
				ENABLE_NS_ASSERTIONS = NO;
				ENABLE_STRICT_OBJC_MSGSEND = YES;
				GCC_C_LANGUAGE_STANDARD = gnu11;
				GCC_NO_COMMON_BLOCKS = YES;
				GCC_WARN_64_TO_32_BIT_CONVERSION = YES;
				GCC_WARN_ABOUT_RETURN_TYPE = YES_ERROR;
				GCC_WARN_UNDECLARED_SELECTOR = YES;
				GCC_WARN_UNINITIALIZED_AUTOS = YES_AGGRESSIVE;
				GCC_WARN_UNUSED_FUNCTION = YES;
				GCC_WARN_UNUSED_VARIABLE = YES;
				MACOSX_DEPLOYMENT_TARGET = 14.0;
				MARKETING_VERSION = 0.1.0;
				MTL_ENABLE_DEBUG_INFO = NO;
				MTL_FAST_MATH = YES;
				PRODUCT_NAME = "$(TARGET_NAME)";
				SDKROOT = macosx;
				SWIFT_COMPILATION_MODE = wholemodule;
				SWIFT_OPTIMIZATION_LEVEL = "-O";
				SWIFT_VERSION = 5;
			};
			name = Release;
		};
		7086A6CD9EA80FDEDB5E9827 /* Debug */ = {
			isa = XCBuildConfiguration;
			buildSettings = {
				ASSETCATALOG_COMPILER_APPICON_NAME = AppIcon;
				COMBINE_HIDPI_IMAGES = YES;
				INFOPLIST_FILE = app/Info.plist;
				LD_RUNPATH_SEARCH_PATHS = (
					"$(inherited)",
					"@executable_path/../Frameworks",
				);
				PRODUCT_BUNDLE_IDENTIFIER = com.resumemaxx.app;
				PRODUCT_NAME = resumemaxx;
				SDKROOT = macosx;
			};
			name = Debug;
		};
		CF04E2F58662BFC9837869C1 /* Debug */ = {
			isa = XCBuildConfiguration;
			buildSettings = {
				ALWAYS_SEARCH_USER_PATHS = NO;
				CLANG_ANALYZER_NONNULL = YES;
				CLANG_ANALYZER_NUMBER_OBJECT_CONVERSION = YES_AGGRESSIVE;
				CLANG_CXX_LANGUAGE_STANDARD = "gnu++14";
				CLANG_CXX_LIBRARY = "libc++";
				CLANG_ENABLE_MODULES = YES;
				CLANG_ENABLE_OBJC_ARC = YES;
				CLANG_ENABLE_OBJC_WEAK = YES;
				CLANG_WARN_BLOCK_CAPTURE_AUTORELEASING = YES;
				CLANG_WARN_BOOL_CONVERSION = YES;
				CLANG_WARN_COMMA = YES;
				CLANG_WARN_CONSTANT_CONVERSION = YES;
				CLANG_WARN_DEPRECATED_OBJC_IMPLEMENTATIONS = YES;
				CLANG_WARN_DIRECT_OBJC_ISA_USAGE = YES_ERROR;
				CLANG_WARN_DOCUMENTATION_COMMENTS = YES;
				CLANG_WARN_EMPTY_BODY = YES;
				CLANG_WARN_ENUM_CONVERSION = YES;
				CLANG_WARN_INFINITE_RECURSION = YES;
				CLANG_WARN_INT_CONVERSION = YES;
				CLANG_WARN_NON_LITERAL_NULL_CONVERSION = YES;
				CLANG_WARN_OBJC_IMPLICIT_RETAIN_SELF = YES;
				CLANG_WARN_OBJC_LITERAL_CONVERSION = YES;
				CLANG_WARN_OBJC_ROOT_CLASS = YES_ERROR;
				CLANG_WARN_QUOTED_INCLUDE_IN_FRAMEWORK_HEADER = YES;
				CLANG_WARN_RANGE_LOOP_ANALYSIS = YES;
				CLANG_WARN_STRICT_PROTOTYPES = YES;
				CLANG_WARN_SUSPICIOUS_MOVE = YES;
				CLANG_WARN_UNGUARDED_AVAILABILITY = YES_AGGRESSIVE;
				CLANG_WARN_UNREACHABLE_CODE = YES;
				CLANG_WARN__DUPLICATE_METHOD_MATCH = YES;
				CODE_SIGNING_ALLOWED = NO;
				CODE_SIGN_IDENTITY = "";
				COPY_PHASE_STRIP = NO;
				CURRENT_PROJECT_VERSION = 1;
				DEBUG_INFORMATION_FORMAT = dwarf;
				ENABLE_HARDENED_RUNTIME = NO;
				ENABLE_STRICT_OBJC_MSGSEND = YES;
				ENABLE_TESTABILITY = YES;
				GCC_C_LANGUAGE_STANDARD = gnu11;
				GCC_DYNAMIC_NO_PIC = NO;
				GCC_NO_COMMON_BLOCKS = YES;
				GCC_OPTIMIZATION_LEVEL = 0;
				GCC_PREPROCESSOR_DEFINITIONS = (
					"$(inherited)",
					"DEBUG=1",
				);
				GCC_WARN_64_TO_32_BIT_CONVERSION = YES;
				GCC_WARN_ABOUT_RETURN_TYPE = YES_ERROR;
				GCC_WARN_UNDECLARED_SELECTOR = YES;
				GCC_WARN_UNINITIALIZED_AUTOS = YES_AGGRESSIVE;
				GCC_WARN_UNUSED_FUNCTION = YES;
				GCC_WARN_UNUSED_VARIABLE = YES;
				MACOSX_DEPLOYMENT_TARGET = 14.0;
				MARKETING_VERSION = 0.1.0;
				MTL_ENABLE_DEBUG_INFO = INCLUDE_SOURCE;
				MTL_FAST_MATH = YES;
				ONLY_ACTIVE_ARCH = YES;
				PRODUCT_NAME = "$(TARGET_NAME)";
				SDKROOT = macosx;
				SWIFT_ACTIVE_COMPILATION_CONDITIONS = DEBUG;
				SWIFT_OPTIMIZATION_LEVEL = "-Onone";
				SWIFT_VERSION = 5;
			};
			name = Debug;
		};
/* End XCBuildConfiguration section */

/* Begin XCConfigurationList section */
		392BB6CCC37805DDAF2A466E /* Build configuration list for PBXNativeTarget "resumemaxx" */ = {
			isa = XCConfigurationList;
			buildConfigurations = (
				7086A6CD9EA80FDEDB5E9827 /* Debug */,
				36AF48BD1546110BDEA363C2 /* Release */,
			);
			defaultConfigurationIsVisible = 0;
			defaultConfigurationName = Debug;
		};
		8B91E99F274584E3BAFEF9FA /* Build configuration list for PBXProject "resumemaxx" */ = {
			isa = XCConfigurationList;
			buildConfigurations = (
				CF04E2F58662BFC9837869C1 /* Debug */,
				406148E24F4E9A5170B84B86 /* Release */,
			);
			defaultConfigurationIsVisible = 0;
			defaultConfigurationName = Debug;
		};
/* End XCConfigurationList section */
	};
	rootObject = 0705497C257270D6E289FB6F /* Project object */;
}
